# THIS IS AN AUTOGENERATED FILE. DO NOT EDIT THIS FILE DIRECTLY.
# yarn lockfile v1


es6-promise@^4.2.2:
  version "4.2.2"
  resolved "http://registry.npm.taobao.org/es6-promise/download/es6-promise-4.2.2.tgz#f722d7769af88bd33bc13ec6605e1f92966b82d9"

jquery@1:
  version "1.12.4"
  resolved "http://registry.npm.taobao.org/jquery/download/jquery-1.12.4.tgz#01e1dfba290fe73deba77ceeacb0f9ba2fec9e0c"
